[[package]]
name = "attrs"
version = "22.1.0"
description = "Classes Without Boilerplate"
category = "main"
optional = false
python-versions = ">=3.5"

[package.extras]
dev = ["cloudpickle", "coverage[toml] (>=5.0.2)", "furo", "hypothesis", "mypy (>=0.900,!=0.940)", "pre-commit", "pympler", "pytest (>=4.3.0)", "pytest-mypy-plugins", "sphinx", "sphinx-notfound-page", "zope.interface"]
docs = ["furo", "sphinx", "sphinx-notfound-page", "zope.interface"]
tests = ["cloudpickle", "coverage[toml] (>=5.0.2)", "hypothesis", "mypy (>=0.900,!=0.940)", "pympler", "pytest (>=4.3.0)", "pytest-mypy-plugins", "zope.interface"]
tests-no-zope = ["cloudpickle", "coverage[toml] (>=5.0.2)", "hypothesis", "mypy (>=0.900,!=0.940)", "pympler", "pytest (>=4.3.0)", "pytest-mypy-plugins"]

[[package]]
name = "grafanalib"
version = "0.7.0"
description = "Library for building Grafana dashboards"
category = "main"
optional = false
python-versions = "*"

[package.dependencies]
attrs = ">=15.2.0"

[package.extras]
dev = ["flake8", "pytest"]

[metadata]
lock-version = "1.1"
python-versions = "^3.10"
content-hash = "cbecf96384f0168b00592f533b4d46674a83d56ce51382a895b7872cf78668ba"

[metadata.files]
attrs = [
    {file = "attrs-22.1.0-py2.py3-none-any.whl", hash = "sha256:86efa402f67bf2df34f51a335487cf46b1ec130d02b8d39fd248abfd30da551c"},
    {file = "attrs-22.1.0.tar.gz", hash = "sha256:29adc2665447e5191d0e7c568fde78b21f9672d344281d0c6e1ab085429b22b6"},
]
grafanalib = [
    {file = "grafanalib-0.7.0-py3-none-any.whl", hash = "sha256:b479e9c72e39705aef114b2d73b4328c16b81bfa3e1c423a85a13d4c912b57b5"},
    {file = "grafanalib-0.7.0.tar.gz", hash = "sha256:8ae9fc62ee3c28e924ecb0d89ffbb5d18b1193bb1401cde59e01b3e184db9b42"},
]
